
Microsoft Visual Studio Solution File, Format Version 12.00
# Visual Studio Version 17
VisualStudioVersion = 17.5.33516.290
MinimumVisualStudioVersion = 10.0.40219.1
Project("{FAE04EC0-301F-11D3-BF4B-00C04F79EFBC}") = "LINQ_HighSchool4", "LINQ_HighSchool4\LINQ_HighSchool4.csproj", "{8861586E-B353-47C3-8398-64A8BE878123}"
EndProject
Global
	GlobalSection(SolutionConfigurationPlatforms) = preSolution
		Debug|Any CPU = Debug|Any CPU
		Release|Any CPU = Release|Any CPU
	EndGlobalSection
	GlobalSection(ProjectConfigurationPlatforms) = postSolution
		{8861586E-B353-47C3-8398-64A8BE878123}.Debug|Any CPU.ActiveCfg = Debug|Any CPU
		{8861586E-B353-47C3-8398-64A8BE878123}.Debug|Any CPU.Build.0 = Debug|Any CPU
		{8861586E-B353-47C3-8398-64A8BE878123}.Release|Any CPU.ActiveCfg = Release|Any CPU
		{8861586E-B353-47C3-8398-64A8BE878123}.Release|Any CPU.Build.0 = Release|Any CPU
	EndGlobalSection
	GlobalSection(SolutionProperties) = preSolution
		HideSolutionNode = FALSE
	EndGlobalSection
	GlobalSection(ExtensibilityGlobals) = postSolution
		SolutionGuid = {0F61F870-245D-48B1-8DE1-D7F2C527B502}
	EndGlobalSection
EndGlobal
